// !$*UTF8*$!
{
	archiveVersion = 1;
	classes = {
	};
	objectVersion = 50;
	objects = {

/* Begin PBXBuildFile section */
		F5FDA43321379F8F00D7EAE6 /* AppDelegate.m in Sources */ = {isa = PBXBuildFile; fileRef = F5FDA43221379F8F00D7EAE6 /* AppDelegate.m */; };
		F5FDA43621379F8F00D7EAE6 /* ViewController.m in Sources */ = {isa = PBXBuildFile; fileRef = F5FDA43521379F8F00D7EAE6 /* ViewController.m */; };
		F5FDA43921379F8F00D7EAE6 /* Main.storyboard in Resources */ = {isa = PBXBuildFile; fileRef = F5FDA43721379F8F00D7EAE6 /* Main.storyboard */; };
		F5FDA43B21379F9100D7EAE6 /* Assets.xcassets in Resources */ = {isa = PBXBuildFile; fileRef = F5FDA43A21379F9100D7EAE6 /* Assets.xcassets */; };
		F5FDA43E21379F9100D7EAE6 /* LaunchScreen.storyboard in Resources */ = {isa = PBXBuildFile; fileRef = F5FDA43C21379F9100D7EAE6 /* LaunchScreen.storyboard */; };
		F5FDA44121379F9100D7EAE6 /* main.m in Sources */ = {isa = PBXBuildFile; fileRef = F5FDA44021379F9100D7EAE6 /* main.m */; };
		F5FDA44B21379F9100D7EAE6 /* SliceTestTests.m in Sources */ = {isa = PBXBuildFile; fileRef = F5FDA44A21379F9100D7EAE6 /* SliceTestTests.m */; };
		F5FDA45621379F9100D7EAE6 /* SliceTestUITests.m in Sources */ = {isa = PBXBuildFile; fileRef = F5FDA45521379F9100D7EAE6 /* SliceTestUITests.m */; };
/* End PBXBuildFile section */

/* Begin PBXContainerItemProxy section */
		F5FDA44721379F9100D7EAE6 /* PBXContainerItemProxy */ = {
			isa = PBXContainerItemProxy;
			containerPortal = F5FDA42621379F8F00D7EAE6 /* Project object */;
			proxyType = 1;
			remoteGlobalIDString = F5FDA42D21379F8F00D7EAE6;
			remoteInfo = SliceTest;
		};
		F5FDA45221379F9100D7EAE6 /* PBXContainerItemProxy */ = {
			isa = PBXContainerItemProxy;
			containerPortal = F5FDA42621379F8F00D7EAE6 /* Project object */;
			proxyType = 1;
			remoteGlobalIDString = F5FDA42D21379F8F00D7EAE6;
			remoteInfo = SliceTest;
		};
/* End PBXContainerItemProxy section */

/* Begin PBXFileReference section */
		F5FDA42E21379F8F00D7EAE6 /* SliceTest.app */ = {isa = PBXFileReference; explicitFileType = wrapper.application; includeInIndex = 0; path = SliceTest.app; sourceTree = BUILT_PRODUCTS_DIR; };
		F5FDA43121379F8F00D7EAE6 /* AppDelegate.h */ = {isa = PBXFileReference; lastKnownFileType = sourcecode.c.h; path = AppDelegate.h; sourceTree = "<group>"; };
		F5FDA43221379F8F00D7EAE6 /* AppDelegate.m */ = {isa = PBXFileReference; lastKnownFileType = sourcecode.c.objc; path = AppDelegate.m; sourceTree = "<group>"; };
		F5FDA43421379F8F00D7EAE6 /* ViewController.h */ = {isa = PBXFileReference; lastKnownFileType = sourcecode.c.h; path = ViewController.h; sourceTree = "<group>"; };
		F5FDA43521379F8F00D7EAE6 /* ViewController.m */ = {isa = PBXFileReference; lastKnownFileType = sourcecode.c.objc; path = ViewController.m; sourceTree = "<group>"; };
		F5FDA43821379F8F00D7EAE6 /* Base */ = {isa = PBXFileReference; lastKnownFileType = file.storyboard; name = Base; path = Base.lproj/Main.storyboard; sourceTree = "<group>"; };
		F5FDA43A21379F9100D7EAE6 /* Assets.xcassets */ = {isa = PBXFileReference; lastKnownFileType = folder.assetcatalog; path = Assets.xcassets; sourceTree = "<group>"; };
		F5FDA43D21379F9100D7EAE6 /* Base */ = {isa = PBXFileReference; lastKnownFileType = file.storyboard; name = Base; path = Base.lproj/LaunchScreen.storyboard; sourceTree = "<group>"; };
		F5FDA43F21379F9100D7EAE6 /* Info.plist */ = {isa = PBXFileReference; lastKnownFileType = text.plist.xml; path = Info.plist; sourceTree = "<group>"; };
		F5FDA44021379F9100D7EAE6 /* main.m */ = {isa = PBXFileReference; lastKnownFileType = sourcecode.c.objc; path = main.m; sourceTree = "<group>"; };
		F5FDA44621379F9100D7EAE6 /* SliceTestTests.xctest */ = {isa = PBXFileReference; explicitFileType = wrapper.cfbundle; includeInIndex = 0; path = SliceTestTests.xctest; sourceTree = BUILT_PRODUCTS_DIR; };
		F5FDA44A21379F9100D7EAE6 /* SliceTestTests.m */ = {isa = PBXFileReference; lastKnownFileType = sourcecode.c.objc; path = SliceTestTests.m; sourceTree = "<group>"; };
		F5FDA44C21379F9100D7EAE6 /* Info.plist */ = {isa = PBXFileReference; lastKnownFileType = text.plist.xml; path = Info.plist; sourceTree = "<group>"; };
		F5FDA45121379F9100D7EAE6 /* SliceTestUITests.xctest */ = {isa = PBXFileReference; explicitFileType = wrapper.cfbundle; includeInIndex = 0; path = SliceTestUITests.xctest; sourceTree = BUILT_PRODUCTS_DIR; };
		F5FDA45521379F9100D7EAE6 /* SliceTestUITests.m */ = {isa = PBXFileReference; lastKnownFileType = sourcecode.c.objc; path = SliceTestUITests.m; sourceTree = "<group>"; };
		F5FDA45721379F9100D7EAE6 /* Info.plist */ = {isa = PBXFileReference; lastKnownFileType = text.plist.xml; path = Info.plist; sourceTree = "<group>"; };
/* End PBXFileReference section */

/* Begin PBXFrameworksBuildPhase section */
		F5FDA42B21379F8F00D7EAE6 /* Frameworks */ = {
			isa = PBXFrameworksBuildPhase;
			buildActionMask = 2147483647;
			files = (
			);
			runOnlyForDeploymentPostprocessing = 0;
		};
		F5FDA44321379F9100D7EAE6 /* Frameworks */ = {
			isa = PBXFrameworksBuildPhase;
			buildActionMask = 2147483647;
			files = (
			);
			runOnlyForDeploymentPostprocessing = 0;
		};
		F5FDA44E21379F9100D7EAE6 /* Frameworks */ = {
			isa = PBXFrameworksBuildPhase;
			buildActionMask = 2147483647;
			files = (
			);
			runOnlyForDeploymentPostprocessing = 0;
		};
/* End PBXFrameworksBuildPhase section */

/* Begin PBXGroup section */
		F5FDA42521379F8F00D7EAE6 = {
			isa = PBXGroup;
			children = (
				F5FDA43021379F8F00D7EAE6 /* SliceTest */,
				F5FDA44921379F9100D7EAE6 /* SliceTestTests */,
				F5FDA45421379F9100D7EAE6 /* SliceTestUITests */,
				F5FDA42F21379F8F00D7EAE6 /* Products */,
			);
			sourceTree = "<group>";
		};
		F5FDA42F21379F8F00D7EAE6 /* Products */ = {
			isa = PBXGroup;
			children = (
				F5FDA42E21379F8F00D7EAE6 /* SliceTest.app */,
				F5FDA44621379F9100D7EAE6 /* SliceTestTests.xctest */,
				F5FDA45121379F9100D7EAE6 /* SliceTestUITests.xctest */,
			);
			name = Products;
			sourceTree = "<group>";
		};
		F5FDA43021379F8F00D7EAE6 /* SliceTest */ = {
			isa = PBXGroup;
			children = (
				F5FDA43121379F8F00D7EAE6 /* AppDelegate.h */,
				F5FDA43221379F8F00D7EAE6 /* AppDelegate.m */,
				F5FDA43421379F8F00D7EAE6 /* ViewController.h */,
				F5FDA43521379F8F00D7EAE6 /* ViewController.m */,
				F5FDA43721379F8F00D7EAE6 /* Main.storyboard */,
				F5FDA43A21379F9100D7EAE6 /* Assets.xcassets */,
				F5FDA43C21379F9100D7EAE6 /* LaunchScreen.storyboard */,
				F5FDA43F21379F9100D7EAE6 /* Info.plist */,
				F5FDA44021379F9100D7EAE6 /* main.m */,
			);
			path = SliceTest;
			sourceTree = "<group>";
		};
		F5FDA44921379F9100D7EAE6 /* SliceTestTests */ = {
			isa = PBXGroup;
			children = (
				F5FDA44A21379F9100D7EAE6 /* SliceTestTests.m */,
				F5FDA44C21379F9100D7EAE6 /* Info.plist */,
			);
			path = SliceTestTests;
			sourceTree = "<group>";
		};
		F5FDA45421379F9100D7EAE6 /* SliceTestUITests */ = {
			isa = PBXGroup;
			children = (
				F5FDA45521379F9100D7EAE6 /* SliceTestUITests.m */,
				F5FDA45721379F9100D7EAE6 /* Info.plist */,
			);
			path = SliceTestUITests;
			sourceTree = "<group>";
		};
/* End PBXGroup section */

/* Begin PBXNativeTarget section */
		F5FDA42D21379F8F00D7EAE6 /* SliceTest */ = {
			isa = PBXNativeTarget;
			buildConfigurationList = F5FDA45A21379F9100D7EAE6 /* Build configuration list for PBXNativeTarget "SliceTest" */;
			buildPhases = (
				F5FDA42A21379F8F00D7EAE6 /* Sources */,
				F5FDA42B21379F8F00D7EAE6 /* Frameworks */,
				F5FDA42C21379F8F00D7EAE6 /* Resources */,
			);
			buildRules = (
			);
			dependencies = (
			);
			name = SliceTest;
			productName = SliceTest;
			productReference = F5FDA42E21379F8F00D7EAE6 /* SliceTest.app */;
			productType = "com.apple.product-type.application";
		};
		F5FDA44521379F9100D7EAE6 /* SliceTestTests */ = {
			isa = PBXNativeTarget;
			buildConfigurationList = F5FDA45D21379F9100D7EAE6 /* Build configuration list for PBXNativeTarget "SliceTestTests" */;
			buildPhases = (
				F5FDA44221379F9100D7EAE6 /* Sources */,
				F5FDA44321379F9100D7EAE6 /* Frameworks */,
				F5FDA44421379F9100D7EAE6 /* Resources */,
			);
			buildRules = (
			);
			dependencies = (
				F5FDA44821379F9100D7EAE6 /* PBXTargetDependency */,
			);
			name = SliceTestTests;
			productName = SliceTestTests;
			productReference = F5FDA44621379F9100D7EAE6 /* SliceTestTests.xctest */;
			productType = "com.apple.product-type.bundle.unit-test";
		};
		F5FDA45021379F9100D7EAE6 /* SliceTestUITests */ = {
			isa = PBXNativeTarget;
			buildConfigurationList = F5FDA46021379F9100D7EAE6 /* Build configuration list for PBXNativeTarget "SliceTestUITests" */;
			buildPhases = (
				F5FDA44D21379F9100D7EAE6 /* Sources */,
				F5FDA44E21379F9100D7EAE6 /* Frameworks */,
				F5FDA44F21379F9100D7EAE6 /* Resources */,
			);
			buildRules = (
			);
			dependencies = (
				F5FDA45321379F9100D7EAE6 /* PBXTargetDependency */,
			);
			name = SliceTestUITests;
			productName = SliceTestUITests;
			productReference = F5FDA45121379F9100D7EAE6 /* SliceTestUITests.xctest */;
			productType = "com.apple.product-type.bundle.ui-testing";
		};
/* End PBXNativeTarget section */

/* Begin PBXProject section */
		F5FDA42621379F8F00D7EAE6 /* Project object */ = {
			isa = PBXProject;
			attributes = {
				LastUpgradeCheck = 0940;
				ORGANIZATIONNAME = maple;
				TargetAttributes = {
					F5FDA42D21379F8F00D7EAE6 = {
						CreatedOnToolsVersion = 9.4.1;
					};
					F5FDA44521379F9100D7EAE6 = {
						CreatedOnToolsVersion = 9.4.1;
						TestTargetID = F5FDA42D21379F8F00D7EAE6;
					};
					F5FDA45021379F9100D7EAE6 = {
						CreatedOnToolsVersion = 9.4.1;
						TestTargetID = F5FDA42D21379F8F00D7EAE6;
					};
				};
			};
			buildConfigurationList = F5FDA42921379F8F00D7EAE6 /* Build configuration list for PBXProject "SliceTest" */;
			compatibilityVersion = "Xcode 9.3";
			developmentRegion = en;
			hasScannedForEncodings = 0;
			knownRegions = (
				en,
				Base,
			);
			mainGroup = F5FDA42521379F8F00D7EAE6;
			productRefGroup = F5FDA42F21379F8F00D7EAE6 /* Products */;
			projectDirPath = "";
			projectRoot = "";
			targets = (
				F5FDA42D21379F8F00D7EAE6 /* SliceTest */,
				F5FDA44521379F9100D7EAE6 /* SliceTestTests */,
				F5FDA45021379F9100D7EAE6 /* SliceTestUITests */,
			);
		};
/* End PBXProject section */

/* Begin PBXResourcesBuildPhase section */
		F5FDA42C21379F8F00D7EAE6 /* Resources */ = {
			isa = PBXResourcesBuildPhase;
			buildActionMask = 2147483647;
			files = (
				F5FDA43E21379F9100D7EAE6 /* LaunchScreen.storyboard in Resources */,
				F5FDA43B21379F9100D7EAE6 /* Assets.xcassets in Resources */,
				F5FDA43921379F8F00D7EAE6 /* Main.storyboard in Resources */,
			);
			runOnlyForDeploymentPostprocessing = 0;
		};
		F5FDA44421379F9100D7EAE6 /* Resources */ = {
			isa = PBXResourcesBuildPhase;
			buildActionMask = 2147483647;
			files = (
			);
			runOnlyForDeploymentPostprocessing = 0;
		};
		F5FDA44F21379F9100D7EAE6 /* Resources */ = {
			isa = PBXResourcesBuildPhase;
			buildActionMask = 2147483647;
			files = (
			);
			runOnlyForDeploymentPostprocessing = 0;
		};
/* End PBXResourcesBuildPhase section */

/* Begin PBXSourcesBuildPhase section */
		F5FDA42A21379F8F00D7EAE6 /* Sources */ = {
			isa = PBXSourcesBuildPhase;
			buildActionMask = 2147483647;
			files = (
				F5FDA43621379F8F00D7EAE6 /* ViewController.m in Sources */,
				F5FDA44121379F9100D7EAE6 /* main.m in Sources */,
				F5FDA43321379F8F00D7EAE6 /* AppDelegate.m in Sources */,
			);
			runOnlyForDeploymentPostprocessing = 0;
		};
		F5FDA44221379F9100D7EAE6 /* Sources */ = {
			isa = PBXSourcesBuildPhase;
			buildActionMask = 2147483647;
			files = (
				F5FDA44B21379F9100D7EAE6 /* SliceTestTests.m in Sources */,
			);
			runOnlyForDeploymentPostprocessing = 0;
		};
		F5FDA44D21379F9100D7EAE6 /* Sources */ = {
			isa = PBXSourcesBuildPhase;
			buildActionMask = 2147483647;
			files = (
				F5FDA45621379F9100D7EAE6 /* SliceTestUITests.m in Sources */,
			);
			runOnlyForDeploymentPostprocessing = 0;
		};
/* End PBXSourcesBuildPhase section */

/* Begin PBXTargetDependency section */
		F5FDA44821379F9100D7EAE6 /* PBXTargetDependency */ = {
			isa = PBXTargetDependency;
			target = F5FDA42D21379F8F00D7EAE6 /* SliceTest */;
			targetProxy = F5FDA44721379F9100D7EAE6 /* PBXContainerItemProxy */;
		};
		F5FDA45321379F9100D7EAE6 /* PBXTargetDependency */ = {
			isa = PBXTargetDependency;
			target = F5FDA42D21379F8F00D7EAE6 /* SliceTest */;
			targetProxy = F5FDA45221379F9100D7EAE6 /* PBXContainerItemProxy */;
		};
/* End PBXTargetDependency section */

/* Begin PBXVariantGroup section */
		F5FDA43721379F8F00D7EAE6 /* Main.storyboard */ = {
			isa = PBXVariantGroup;
			children = (
				F5FDA43821379F8F00D7EAE6 /* Base */,
			);
			name = Main.storyboard;
			sourceTree = "<group>";
		};
		F5FDA43C21379F9100D7EAE6 /* LaunchScreen.storyboard */ = {
			isa = PBXVariantGroup;
			children = (
				F5FDA43D21379F9100D7EAE6 /* Base */,
			);
			name = LaunchScreen.storyboard;
			sourceTree = "<group>";
		};
/* End PBXVariantGroup section */

/* Begin XCBuildConfiguration section */
		F5FDA45821379F9100D7EAE6 /* Debug */ = {
			isa = XCBuildConfiguration;
			buildSettings = {
				ALWAYS_SEARCH_USER_PATHS = NO;
				CLANG_ANALYZER_NONNULL = YES;
				CLANG_ANALYZER_NUMBER_OBJECT_CONVERSION = YES_AGGRESSIVE;
				CLANG_CXX_LANGUAGE_STANDARD = "gnu++14";
				CLANG_CXX_LIBRARY = "libc++";
				CLANG_ENABLE_MODULES = YES;
				CLANG_ENABLE_OBJC_ARC = YES;
				CLANG_ENABLE_OBJC_WEAK = YES;
				CLANG_WARN_BLOCK_CAPTURE_AUTORELEASING = YES;
				CLANG_WARN_BOOL_CONVERSION = YES;
				CLANG_WARN_COMMA = YES;
				CLANG_WARN_CONSTANT_CONVERSION = YES;
				CLANG_WARN_DEPRECATED_OBJC_IMPLEMENTATIONS = YES;
				CLANG_WARN_DIRECT_OBJC_ISA_USAGE = YES_ERROR;
				CLANG_WARN_DOCUMENTATION_COMMENTS = YES;
				CLANG_WARN_EMPTY_BODY = YES;
				CLANG_WARN_ENUM_CONVERSION = YES;
				CLANG_WARN_INFINITE_RECURSION = YES;
				CLANG_WARN_INT_CONVERSION = YES;
				CLANG_WARN_NON_LITERAL_NULL_CONVERSION = YES;
				CLANG_WARN_OBJC_IMPLICIT_RETAIN_SELF = YES;
				CLANG_WARN_OBJC_LITERAL_CONVERSION = YES;
				CLANG_WARN_OBJC_ROOT_CLASS = YES_ERROR;
				CLANG_WARN_RANGE_LOOP_ANALYSIS = YES;
				CLANG_WARN_STRICT_PROTOTYPES = YES;
				CLANG_WARN_SUSPICIOUS_MOVE = YES;
				CLANG_WARN_UNGUARDED_AVAILABILITY = YES_AGGRESSIVE;
				CLANG_WARN_UNREACHABLE_CODE = YES;
				CLANG_WARN__DUPLICATE_METHOD_MATCH = YES;
				CODE_SIGN_IDENTITY = "iPhone Developer";
				COPY_PHASE_STRIP = NO;
				DEBUG_INFORMATION_FORMAT = dwarf;
				ENABLE_STRICT_OBJC_MSGSEND = YES;
				ENABLE_TESTABILITY = YES;
				GCC_C_LANGUAGE_STANDARD = gnu11;
				GCC_DYNAMIC_NO_PIC = NO;
				GCC_NO_COMMON_BLOCKS = YES;
				GCC_OPTIMIZATION_LEVEL = 0;
				GCC_PREPROCESSOR_DEFINITIONS = (
					"DEBUG=1",
					"$(inherited)",
				);
				GCC_WARN_64_TO_32_BIT_CONVERSION = YES;
				GCC_WARN_ABOUT_RETURN_TYPE = YES_ERROR;
				GCC_WARN_UNDECLARED_SELECTOR = YES;
				GCC_WARN_UNINITIALIZED_AUTOS = YES_AGGRESSIVE;
				GCC_WARN_UNUSED_FUNCTION = YES;
				GCC_WARN_UNUSED_VARIABLE = YES;
				IPHONEOS_DEPLOYMENT_TARGET = 11.4;
				MTL_ENABLE_DEBUG_INFO = YES;
				ONLY_ACTIVE_ARCH = YES;
				SDKROOT = iphoneos;
			};
			name = Debug;
		};
		F5FDA45921379F9100D7EAE6 /* Release */ = {
			isa = XCBuildConfiguration;
			buildSettings = {
				ALWAYS_SEARCH_USER_PATHS = NO;
				CLANG_ANALYZER_NONNULL = YES;
				CLANG_ANALYZER_NUMBER_OBJECT_CONVERSION = YES_AGGRESSIVE;
				CLANG_CXX_LANGUAGE_STANDARD = "gnu++14";
				CLANG_CXX_LIBRARY = "libc++";
				CLANG_ENABLE_MODULES = YES;
				CLANG_ENABLE_OBJC_ARC = YES;
				CLANG_ENABLE_OBJC_WEAK = YES;
				CLANG_WARN_BLOCK_CAPTURE_AUTORELEASING = YES;
				CLANG_WARN_BOOL_CONVERSION = YES;
				CLANG_WARN_COMMA = YES;
				CLANG_WARN_CONSTANT_CONVERSION = YES;
				CLANG_WARN_DEPRECATED_OBJC_IMPLEMENTATIONS = YES;
				CLANG_WARN_DIRECT_OBJC_ISA_USAGE = YES_ERROR;
				CLANG_WARN_DOCUMENTATION_COMMENTS = YES;
				CLANG_WARN_EMPTY_BODY = YES;
				CLANG_WARN_ENUM_CONVERSION = YES;
				CLANG_WARN_INFINITE_RECURSION = YES;
				CLANG_WARN_INT_CONVERSION = YES;
				CLANG_WARN_NON_LITERAL_NULL_CONVERSION = YES;
				CLANG_WARN_OBJC_IMPLICIT_RETAIN_SELF = YES;
				CLANG_WARN_OBJC_LITERAL_CONVERSION = YES;
				CLANG_WARN_OBJC_ROOT_CLASS = YES_ERROR;
				CLANG_WARN_RANGE_LOOP_ANALYSIS = YES;
				CLANG_WARN_STRICT_PROTOTYPES = YES;
				CLANG_WARN_SUSPICIOUS_MOVE = YES;
				CLANG_WARN_UNGUARDED_AVAILABILITY = YES_AGGRESSIVE;
				CLANG_WARN_UNREACHABLE_CODE = YES;
				CLANG_WARN__DUPLICATE_METHOD_MATCH = YES;
				CODE_SIGN_IDENTITY = "iPhone Developer";
				COPY_PHASE_STRIP = NO;
				DEBUG_INFORMATION_FORMAT = "dwarf-with-dsym";
				ENABLE_NS_ASSERTIONS = NO;
				ENABLE_STRICT_OBJC_MSGSEND = YES;
				GCC_C_LANGUAGE_STANDARD = gnu11;
				GCC_NO_COMMON_BLOCKS = YES;
				GCC_WARN_64_TO_32_BIT_CONVERSION = YES;
				GCC_WARN_ABOUT_RETURN_TYPE = YES_ERROR;
				GCC_WARN_UNDECLARED_SELECTOR = YES;
				GCC_WARN_UNINITIALIZED_AUTOS = YES_AGGRESSIVE;
				GCC_WARN_UNUSED_FUNCTION = YES;
				GCC_WARN_UNUSED_VARIABLE = YES;
				IPHONEOS_DEPLOYMENT_TARGET = 11.4;
				MTL_ENABLE_DEBUG_INFO = NO;
				SDKROOT = iphoneos;
				VALIDATE_PRODUCT = YES;
			};
			name = Release;
		};
		F5FDA45B21379F9100D7EAE6 /* Debug */ = {
			isa = XCBuildConfiguration;
			buildSettings = {
				ASSETCATALOG_COMPILER_APPICON_NAME = AppIcon;
				CODE_SIGN_STYLE = Automatic;
				DEVELOPMENT_TEAM = MS25TZT2TH;
				INFOPLIST_FILE = SliceTest/Info.plist;
				LD_RUNPATH_SEARCH_PATHS = (
					"$(inherited)",
					"@executable_path/Frameworks",
				);
				PRODUCT_BUNDLE_IDENTIFIER = maple.SliceTest;
				PRODUCT_NAME = "$(TARGET_NAME)";
				TARGETED_DEVICE_FAMILY = "1,2";
			};
			name = Debug;
		};
		F5FDA45C21379F9100D7EAE6 /* Release */ = {
			isa = XCBuildConfiguration;
			buildSettings = {
				ASSETCATALOG_COMPILER_APPICON_NAME = AppIcon;
				CODE_SIGN_STYLE = Automatic;
				DEVELOPMENT_TEAM = MS25TZT2TH;
				INFOPLIST_FILE = SliceTest/Info.plist;
				LD_RUNPATH_SEARCH_PATHS = (
					"$(inherited)",
					"@executable_path/Frameworks",
				);
				PRODUCT_BUNDLE_IDENTIFIER = maple.SliceTest;
				PRODUCT_NAME = "$(TARGET_NAME)";
				TARGETED_DEVICE_FAMILY = "1,2";
			};
			name = Release;
		};
		F5FDA45E21379F9100D7EAE6 /* Debug */ = {
			isa = XCBuildConfiguration;
			buildSettings = {
				BUNDLE_LOADER = "$(TEST_HOST)";
				CODE_SIGN_STYLE = Automatic;
				DEVELOPMENT_TEAM = MS25TZT2TH;
				INFOPLIST_FILE = SliceTestTests/Info.plist;
				LD_RUNPATH_SEARCH_PATHS = (
					"$(inherited)",
					"@executable_path/Frameworks",
					"@loader_path/Frameworks",
				);
				PRODUCT_BUNDLE_IDENTIFIER = maple.SliceTestTests;
				PRODUCT_NAME = "$(TARGET_NAME)";
				TARGETED_DEVICE_FAMILY = "1,2";
				TEST_HOST = "$(BUILT_PRODUCTS_DIR)/SliceTest.app/SliceTest";
			};
			name = Debug;
		};
		F5FDA45F21379F9100D7EAE6 /* Release */ = {
			isa = XCBuildConfiguration;
			buildSettings = {
				BUNDLE_LOADER = "$(TEST_HOST)";
				CODE_SIGN_STYLE = Automatic;
				DEVELOPMENT_TEAM = MS25TZT2TH;
				INFOPLIST_FILE = SliceTestTests/Info.plist;
				LD_RUNPATH_SEARCH_PATHS = (
					"$(inherited)",
					"@executable_path/Frameworks",
					"@loader_path/Frameworks",
				);
				PRODUCT_BUNDLE_IDENTIFIER = maple.SliceTestTests;
				PRODUCT_NAME = "$(TARGET_NAME)";
				TARGETED_DEVICE_FAMILY = "1,2";
				TEST_HOST = "$(BUILT_PRODUCTS_DIR)/SliceTest.app/SliceTest";
			};
			name = Release;
		};
		F5FDA46121379F9100D7EAE6 /* Debug */ = {
			isa = XCBuildConfiguration;
			buildSettings = {
				CODE_SIGN_STYLE = Automatic;
				DEVELOPMENT_TEAM = MS25TZT2TH;
				INFOPLIST_FILE = SliceTestUITests/Info.plist;
				LD_RUNPATH_SEARCH_PATHS = (
					"$(inherited)",
					"@executable_path/Frameworks",
					"@loader_path/Frameworks",
				);
				PRODUCT_BUNDLE_IDENTIFIER = maple.SliceTestUITests;
				PRODUCT_NAME = "$(TARGET_NAME)";
				TARGETED_DEVICE_FAMILY = "1,2";
				TEST_TARGET_NAME = SliceTest;
			};
			name = Debug;
		};
		F5FDA46221379F9100D7EAE6 /* Release */ = {
			isa = XCBuildConfiguration;
			buildSettings = {
				CODE_SIGN_STYLE = Automatic;
				DEVELOPMENT_TEAM = MS25TZT2TH;
				INFOPLIST_FILE = SliceTestUITests/Info.plist;
				LD_RUNPATH_SEARCH_PATHS = (
					"$(inherited)",
					"@executable_path/Frameworks",
					"@loader_path/Frameworks",
				);
				PRODUCT_BUNDLE_IDENTIFIER = maple.SliceTestUITests;
				PRODUCT_NAME = "$(TARGET_NAME)";
				TARGETED_DEVICE_FAMILY = "1,2";
				TEST_TARGET_NAME = SliceTest;
			};
			name = Release;
		};
/* End XCBuildConfiguration section */

/* Begin XCConfigurationList section */
		F5FDA42921379F8F00D7EAE6 /* Build configuration list for PBXProject "SliceTest" */ = {
			isa = XCConfigurationList;
			buildConfigurations = (
				F5FDA45821379F9100D7EAE6 /* Debug */,
				F5FDA45921379F9100D7EAE6 /* Release */,
			);
			defaultConfigurationIsVisible = 0;
			defaultConfigurationName = Release;
		};
		F5FDA45A21379F9100D7EAE6 /* Build configuration list for PBXNativeTarget "SliceTest" */ = {
			isa = XCConfigurationList;
			buildConfigurations = (
				F5FDA45B21379F9100D7EAE6 /* Debug */,
				F5FDA45C21379F9100D7EAE6 /* Release */,
			);
			defaultConfigurationIsVisible = 0;
			defaultConfigurationName = Release;
		};
		F5FDA45D21379F9100D7EAE6 /* Build configuration list for PBXNativeTarget "SliceTestTests" */ = {
			isa = XCConfigurationList;
			buildConfigurations = (
				F5FDA45E21379F9100D7EAE6 /* Debug */,
				F5FDA45F21379F9100D7EAE6 /* Release */,
			);
			defaultConfigurationIsVisible = 0;
			defaultConfigurationName = Release;
		};
		F5FDA46021379F9100D7EAE6 /* Build configuration list for PBXNativeTarget "SliceTestUITests" */ = {
			isa = XCConfigurationList;
			buildConfigurations = (
				F5FDA46121379F9100D7EAE6 /* Debug */,
				F5FDA46221379F9100D7EAE6 /* Release */,
			);
			defaultConfigurationIsVisible = 0;
			defaultConfigurationName = Release;
		};
/* End XCConfigurationList section */
	};
	rootObject = F5FDA42621379F8F00D7EAE6 /* Project object */;
}
